
Microsoft Visual Studio Solution File, Format Version 12.00
# Visual Studio Version 16
VisualStudioVersion = 16.0.32228.343
MinimumVisualStudioVersion = 10.0.40219.1
Project("{FAE04EC0-301F-11D3-BF4B-00C04F79EFBC}") = "tema'2 Array Assignment", "tema'2 Array Assignment\tema'2 Array Assignment.csproj", "{E1B409F1-D400-4BFA-8FAE-560C0FABEC28}"
EndProject
Global
	GlobalSection(SolutionConfigurationPlatforms) = preSolution
		Debug|Any CPU = Debug|Any CPU
		Release|Any CPU = Release|Any CPU
	EndGlobalSection
	GlobalSection(ProjectConfigurationPlatforms) = postSolution
		{E1B409F1-D400-4BFA-8FAE-560C0FABEC28}.Debug|Any CPU.ActiveCfg = Debug|Any CPU
		{E1B409F1-D400-4BFA-8FAE-560C0FABEC28}.Debug|Any CPU.Build.0 = Debug|Any CPU
		{E1B409F1-D400-4BFA-8FAE-560C0FABEC28}.Release|Any CPU.ActiveCfg = Release|Any CPU
		{E1B409F1-D400-4BFA-8FAE-560C0FABEC28}.Release|Any CPU.Build.0 = Release|Any CPU
	EndGlobalSection
	GlobalSection(SolutionProperties) = preSolution
		HideSolutionNode = FALSE
	EndGlobalSection
	GlobalSection(ExtensibilityGlobals) = postSolution
		SolutionGuid = {EB282769-9451-4A59-89C4-F29415703F10}
	EndGlobalSection
EndGlobal
