
Microsoft Visual Studio Solution File, Format Version 12.00
# Visual Studio Version 16
VisualStudioVersion = 16.0.32228.343
MinimumVisualStudioVersion = 10.0.40219.1
Project("{FAE04EC0-301F-11D3-BF4B-00C04F79EFBC}") = "Tema Dog assignment cu exceptii", "Tema Dog assignment cu exceptii\Tema Dog assignment cu exceptii.csproj", "{374BBCB7-662A-42EC-A01F-59F2463C2346}"
EndProject
Global
	GlobalSection(SolutionConfigurationPlatforms) = preSolution
		Debug|Any CPU = Debug|Any CPU
		Release|Any CPU = Release|Any CPU
	EndGlobalSection
	GlobalSection(ProjectConfigurationPlatforms) = postSolution
		{374BBCB7-662A-42EC-A01F-59F2463C2346}.Debug|Any CPU.ActiveCfg = Debug|Any CPU
		{374BBCB7-662A-42EC-A01F-59F2463C2346}.Debug|Any CPU.Build.0 = Debug|Any CPU
		{374BBCB7-662A-42EC-A01F-59F2463C2346}.Release|Any CPU.ActiveCfg = Release|Any CPU
		{374BBCB7-662A-42EC-A01F-59F2463C2346}.Release|Any CPU.Build.0 = Release|Any CPU
	EndGlobalSection
	GlobalSection(SolutionProperties) = preSolution
		HideSolutionNode = FALSE
	EndGlobalSection
	GlobalSection(ExtensibilityGlobals) = postSolution
		SolutionGuid = {1B4AC79F-022F-44E0-BC4E-DC3C271C5676}
	EndGlobalSection
EndGlobal
